// !$*UTF8*$!
{
	archiveVersion = 1;
	classes = {
	};
	objectVersion = 46;
	objects = {

/* Begin PBXBuildFile section */
		6810A00C1C845574004CE8E4 /* AppDelegate.swift in Sources */ = {isa = PBXBuildFile; fileRef = 6810A00B1C845574004CE8E4 /* AppDelegate.swift */; };
		6810A00E1C845574004CE8E4 /* ViewController.swift in Sources */ = {isa = PBXBuildFile; fileRef = 6810A00D1C845574004CE8E4 /* ViewController.swift */; };
		6810A0111C845574004CE8E4 /* Main.storyboard in Resources */ = {isa = PBXBuildFile; fileRef = 6810A00F1C845574004CE8E4 /* Main.storyboard */; };
		6810A0131C845574004CE8E4 /* Assets.xcassets in Resources */ = {isa = PBXBuildFile; fileRef = 6810A0121C845574004CE8E4 /* Assets.xcassets */; };
		6810A0161C845574004CE8E4 /* LaunchScreen.storyboard in Resources */ = {isa = PBXBuildFile; fileRef = 6810A0141C845574004CE8E4 /* LaunchScreen.storyboard */; };
		6810A0211C845575004CE8E4 /* ElevatorTimeTests.swift in Sources */ = {isa = PBXBuildFile; fileRef = 6810A0201C845575004CE8E4 /* ElevatorTimeTests.swift */; };
		6810A02C1C845575004CE8E4 /* ElevatorTimeUITests.swift in Sources */ = {isa = PBXBuildFile; fileRef = 6810A02B1C845575004CE8E4 /* ElevatorTimeUITests.swift */; };
		6810A03A1C8455BB004CE8E4 /* Elevator.swift in Sources */ = {isa = PBXBuildFile; fileRef = 6810A0391C8455BB004CE8E4 /* Elevator.swift */; };
		6810A03C1C845D56004CE8E4 /* Passenger.swift in Sources */ = {isa = PBXBuildFile; fileRef = 6810A03B1C845D56004CE8E4 /* Passenger.swift */; };
/* End PBXBuildFile section */

/* Begin PBXContainerItemProxy section */
		6810A01D1C845575004CE8E4 /* PBXContainerItemProxy */ = {
			isa = PBXContainerItemProxy;
			containerPortal = 6810A0001C845574004CE8E4 /* Project object */;
			proxyType = 1;
			remoteGlobalIDString = 6810A0071C845574004CE8E4;
			remoteInfo = ElevatorTime;
		};
		6810A0281C845575004CE8E4 /* PBXContainerItemProxy */ = {
			isa = PBXContainerItemProxy;
			containerPortal = 6810A0001C845574004CE8E4 /* Project object */;
			proxyType = 1;
			remoteGlobalIDString = 6810A0071C845574004CE8E4;
			remoteInfo = ElevatorTime;
		};
/* End PBXContainerItemProxy section */

/* Begin PBXFileReference section */
		6810A0081C845574004CE8E4 /* ElevatorTime.app */ = {isa = PBXFileReference; explicitFileType = wrapper.application; includeInIndex = 0; path = ElevatorTime.app; sourceTree = BUILT_PRODUCTS_DIR; };
		6810A00B1C845574004CE8E4 /* AppDelegate.swift */ = {isa = PBXFileReference; lastKnownFileType = sourcecode.swift; path = AppDelegate.swift; sourceTree = "<group>"; };
		6810A00D1C845574004CE8E4 /* ViewController.swift */ = {isa = PBXFileReference; lastKnownFileType = sourcecode.swift; path = ViewController.swift; sourceTree = "<group>"; };
		6810A0101C845574004CE8E4 /* Base */ = {isa = PBXFileReference; lastKnownFileType = file.storyboard; name = Base; path = Base.lproj/Main.storyboard; sourceTree = "<group>"; };
		6810A0121C845574004CE8E4 /* Assets.xcassets */ = {isa = PBXFileReference; lastKnownFileType = folder.assetcatalog; path = Assets.xcassets; sourceTree = "<group>"; };
		6810A0151C845574004CE8E4 /* Base */ = {isa = PBXFileReference; lastKnownFileType = file.storyboard; name = Base; path = Base.lproj/LaunchScreen.storyboard; sourceTree = "<group>"; };
		6810A0171C845574004CE8E4 /* Info.plist */ = {isa = PBXFileReference; lastKnownFileType = text.plist.xml; path = Info.plist; sourceTree = "<group>"; };
		6810A01C1C845575004CE8E4 /* ElevatorTimeTests.xctest */ = {isa = PBXFileReference; explicitFileType = wrapper.cfbundle; includeInIndex = 0; path = ElevatorTimeTests.xctest; sourceTree = BUILT_PRODUCTS_DIR; };
		6810A0201C845575004CE8E4 /* ElevatorTimeTests.swift */ = {isa = PBXFileReference; lastKnownFileType = sourcecode.swift; path = ElevatorTimeTests.swift; sourceTree = "<group>"; };
		6810A0221C845575004CE8E4 /* Info.plist */ = {isa = PBXFileReference; lastKnownFileType = text.plist.xml; path = Info.plist; sourceTree = "<group>"; };
		6810A0271C845575004CE8E4 /* ElevatorTimeUITests.xctest */ = {isa = PBXFileReference; explicitFileType = wrapper.cfbundle; includeInIndex = 0; path = ElevatorTimeUITests.xctest; sourceTree = BUILT_PRODUCTS_DIR; };
		6810A02B1C845575004CE8E4 /* ElevatorTimeUITests.swift */ = {isa = PBXFileReference; lastKnownFileType = sourcecode.swift; path = ElevatorTimeUITests.swift; sourceTree = "<group>"; };
		6810A02D1C845575004CE8E4 /* Info.plist */ = {isa = PBXFileReference; lastKnownFileType = text.plist.xml; path = Info.plist; sourceTree = "<group>"; };
		6810A0391C8455BB004CE8E4 /* Elevator.swift */ = {isa = PBXFileReference; fileEncoding = 4; lastKnownFileType = sourcecode.swift; path = Elevator.swift; sourceTree = "<group>"; };
		6810A03B1C845D56004CE8E4 /* Passenger.swift */ = {isa = PBXFileReference; fileEncoding = 4; lastKnownFileType = sourcecode.swift; path = Passenger.swift; sourceTree = "<group>"; };
/* End PBXFileReference section */

/* Begin PBXFrameworksBuildPhase section */
		6810A0051C845574004CE8E4 /* Frameworks */ = {
			isa = PBXFrameworksBuildPhase;
			buildActionMask = 2147483647;
			files = (
			);
			runOnlyForDeploymentPostprocessing = 0;
		};
		6810A0191C845575004CE8E4 /* Frameworks */ = {
			isa = PBXFrameworksBuildPhase;
			buildActionMask = 2147483647;
			files = (
			);
			runOnlyForDeploymentPostprocessing = 0;
		};
		6810A0241C845575004CE8E4 /* Frameworks */ = {
			isa = PBXFrameworksBuildPhase;
			buildActionMask = 2147483647;
			files = (
			);
			runOnlyForDeploymentPostprocessing = 0;
		};
/* End PBXFrameworksBuildPhase section */

/* Begin PBXGroup section */
		68109FFF1C845574004CE8E4 = {
			isa = PBXGroup;
			children = (
				6810A00A1C845574004CE8E4 /* ElevatorTime */,
				6810A01F1C845575004CE8E4 /* ElevatorTimeTests */,
				6810A02A1C845575004CE8E4 /* ElevatorTimeUITests */,
				6810A0091C845574004CE8E4 /* Products */,
			);
			sourceTree = "<group>";
		};
		6810A0091C845574004CE8E4 /* Products */ = {
			isa = PBXGroup;
			children = (
				6810A0081C845574004CE8E4 /* ElevatorTime.app */,
				6810A01C1C845575004CE8E4 /* ElevatorTimeTests.xctest */,
				6810A0271C845575004CE8E4 /* ElevatorTimeUITests.xctest */,
			);
			name = Products;
			sourceTree = "<group>";
		};
		6810A00A1C845574004CE8E4 /* ElevatorTime */ = {
			isa = PBXGroup;
			children = (
				6810A00B1C845574004CE8E4 /* AppDelegate.swift */,
				6810A00D1C845574004CE8E4 /* ViewController.swift */,
				6810A00F1C845574004CE8E4 /* Main.storyboard */,
				6810A0121C845574004CE8E4 /* Assets.xcassets */,
				6810A0141C845574004CE8E4 /* LaunchScreen.storyboard */,
				6810A0171C845574004CE8E4 /* Info.plist */,
				6810A0391C8455BB004CE8E4 /* Elevator.swift */,
				6810A03B1C845D56004CE8E4 /* Passenger.swift */,
			);
			path = ElevatorTime;
			sourceTree = "<group>";
		};
		6810A01F1C845575004CE8E4 /* ElevatorTimeTests */ = {
			isa = PBXGroup;
			children = (
				6810A0201C845575004CE8E4 /* ElevatorTimeTests.swift */,
				6810A0221C845575004CE8E4 /* Info.plist */,
			);
			path = ElevatorTimeTests;
			sourceTree = "<group>";
		};
		6810A02A1C845575004CE8E4 /* ElevatorTimeUITests */ = {
			isa = PBXGroup;
			children = (
				6810A02B1C845575004CE8E4 /* ElevatorTimeUITests.swift */,
				6810A02D1C845575004CE8E4 /* Info.plist */,
			);
			path = ElevatorTimeUITests;
			sourceTree = "<group>";
		};
/* End PBXGroup section */

/* Begin PBXNativeTarget section */
		6810A0071C845574004CE8E4 /* ElevatorTime */ = {
			isa = PBXNativeTarget;
			buildConfigurationList = 6810A0301C845575004CE8E4 /* Build configuration list for PBXNativeTarget "ElevatorTime" */;
			buildPhases = (
				6810A0041C845574004CE8E4 /* Sources */,
				6810A0051C845574004CE8E4 /* Frameworks */,
				6810A0061C845574004CE8E4 /* Resources */,
			);
			buildRules = (
			);
			dependencies = (
			);
			name = ElevatorTime;
			productName = ElevatorTime;
			productReference = 6810A0081C845574004CE8E4 /* ElevatorTime.app */;
			productType = "com.apple.product-type.application";
		};
		6810A01B1C845575004CE8E4 /* ElevatorTimeTests */ = {
			isa = PBXNativeTarget;
			buildConfigurationList = 6810A0331C845575004CE8E4 /* Build configuration list for PBXNativeTarget "ElevatorTimeTests" */;
			buildPhases = (
				6810A0181C845575004CE8E4 /* Sources */,
				6810A0191C845575004CE8E4 /* Frameworks */,
				6810A01A1C845575004CE8E4 /* Resources */,
			);
			buildRules = (
			);
			dependencies = (
				6810A01E1C845575004CE8E4 /* PBXTargetDependency */,
			);
			name = ElevatorTimeTests;
			productName = ElevatorTimeTests;
			productReference = 6810A01C1C845575004CE8E4 /* ElevatorTimeTests.xctest */;
			productType = "com.apple.product-type.bundle.unit-test";
		};
		6810A0261C845575004CE8E4 /* ElevatorTimeUITests */ = {
			isa = PBXNativeTarget;
			buildConfigurationList = 6810A0361C845575004CE8E4 /* Build configuration list for PBXNativeTarget "ElevatorTimeUITests" */;
			buildPhases = (
				6810A0231C845575004CE8E4 /* Sources */,
				6810A0241C845575004CE8E4 /* Frameworks */,
				6810A0251C845575004CE8E4 /* Resources */,
			);
			buildRules = (
			);
			dependencies = (
				6810A0291C845575004CE8E4 /* PBXTargetDependency */,
			);
			name = ElevatorTimeUITests;
			productName = ElevatorTimeUITests;
			productReference = 6810A0271C845575004CE8E4 /* ElevatorTimeUITests.xctest */;
			productType = "com.apple.product-type.bundle.ui-testing";
		};
/* End PBXNativeTarget section */

/* Begin PBXProject section */
		6810A0001C845574004CE8E4 /* Project object */ = {
			isa = PBXProject;
			attributes = {
				LastSwiftUpdateCheck = 0720;
				LastUpgradeCheck = 0720;
				ORGANIZATIONNAME = ChaoRuan;
				TargetAttributes = {
					6810A0071C845574004CE8E4 = {
						CreatedOnToolsVersion = 7.2.1;
					};
					6810A01B1C845575004CE8E4 = {
						CreatedOnToolsVersion = 7.2.1;
						TestTargetID = 6810A0071C845574004CE8E4;
					};
					6810A0261C845575004CE8E4 = {
						CreatedOnToolsVersion = 7.2.1;
						TestTargetID = 6810A0071C845574004CE8E4;
					};
				};
			};
			buildConfigurationList = 6810A0031C845574004CE8E4 /* Build configuration list for PBXProject "ElevatorTime" */;
			compatibilityVersion = "Xcode 3.2";
			developmentRegion = English;
			hasScannedForEncodings = 0;
			knownRegions = (
				en,
				Base,
			);
			mainGroup = 68109FFF1C845574004CE8E4;
			productRefGroup = 6810A0091C845574004CE8E4 /* Products */;
			projectDirPath = "";
			projectRoot = "";
			targets = (
				6810A0071C845574004CE8E4 /* ElevatorTime */,
				6810A01B1C845575004CE8E4 /* ElevatorTimeTests */,
				6810A0261C845575004CE8E4 /* ElevatorTimeUITests */,
			);
		};
/* End PBXProject section */

/* Begin PBXResourcesBuildPhase section */
		6810A0061C845574004CE8E4 /* Resources */ = {
			isa = PBXResourcesBuildPhase;
			buildActionMask = 2147483647;
			files = (
				6810A0161C845574004CE8E4 /* LaunchScreen.storyboard in Resources */,
				6810A0131C845574004CE8E4 /* Assets.xcassets in Resources */,
				6810A0111C845574004CE8E4 /* Main.storyboard in Resources */,
			);
			runOnlyForDeploymentPostprocessing = 0;
		};
		6810A01A1C845575004CE8E4 /* Resources */ = {
			isa = PBXResourcesBuildPhase;
			buildActionMask = 2147483647;
			files = (
			);
			runOnlyForDeploymentPostprocessing = 0;
		};
		6810A0251C845575004CE8E4 /* Resources */ = {
			isa = PBXResourcesBuildPhase;
			buildActionMask = 2147483647;
			files = (
			);
			runOnlyForDeploymentPostprocessing = 0;
		};
/* End PBXResourcesBuildPhase section */

/* Begin PBXSourcesBuildPhase section */
		6810A0041C845574004CE8E4 /* Sources */ = {
			isa = PBXSourcesBuildPhase;
			buildActionMask = 2147483647;
			files = (
				6810A00E1C845574004CE8E4 /* ViewController.swift in Sources */,
				6810A00C1C845574004CE8E4 /* AppDelegate.swift in Sources */,
				6810A03C1C845D56004CE8E4 /* Passenger.swift in Sources */,
				6810A03A1C8455BB004CE8E4 /* Elevator.swift in Sources */,
			);
			runOnlyForDeploymentPostprocessing = 0;
		};
		6810A0181C845575004CE8E4 /* Sources */ = {
			isa = PBXSourcesBuildPhase;
			buildActionMask = 2147483647;
			files = (
				6810A0211C845575004CE8E4 /* ElevatorTimeTests.swift in Sources */,
			);
			runOnlyForDeploymentPostprocessing = 0;
		};
		6810A0231C845575004CE8E4 /* Sources */ = {
			isa = PBXSourcesBuildPhase;
			buildActionMask = 2147483647;
			files = (
				6810A02C1C845575004CE8E4 /* ElevatorTimeUITests.swift in Sources */,
			);
			runOnlyForDeploymentPostprocessing = 0;
		};
/* End PBXSourcesBuildPhase section */

/* Begin PBXTargetDependency section */
		6810A01E1C845575004CE8E4 /* PBXTargetDependency */ = {
			isa = PBXTargetDependency;
			target = 6810A0071C845574004CE8E4 /* ElevatorTime */;
			targetProxy = 6810A01D1C845575004CE8E4 /* PBXContainerItemProxy */;
		};
		6810A0291C845575004CE8E4 /* PBXTargetDependency */ = {
			isa = PBXTargetDependency;
			target = 6810A0071C845574004CE8E4 /* ElevatorTime */;
			targetProxy = 6810A0281C845575004CE8E4 /* PBXContainerItemProxy */;
		};
/* End PBXTargetDependency section */

/* Begin PBXVariantGroup section */
		6810A00F1C845574004CE8E4 /* Main.storyboard */ = {
			isa = PBXVariantGroup;
			children = (
				6810A0101C845574004CE8E4 /* Base */,
			);
			name = Main.storyboard;
			sourceTree = "<group>";
		};
		6810A0141C845574004CE8E4 /* LaunchScreen.storyboard */ = {
			isa = PBXVariantGroup;
			children = (
				6810A0151C845574004CE8E4 /* Base */,
			);
			name = LaunchScreen.storyboard;
			sourceTree = "<group>";
		};
/* End PBXVariantGroup section */

/* Begin XCBuildConfiguration section */
		6810A02E1C845575004CE8E4 /* Debug */ = {
			isa = XCBuildConfiguration;
			buildSettings = {
				ALWAYS_SEARCH_USER_PATHS = NO;
				CLANG_CXX_LANGUAGE_STANDARD = "gnu++0x";
				CLANG_CXX_LIBRARY = "libc++";
				CLANG_ENABLE_MODULES = YES;
				CLANG_ENABLE_OBJC_ARC = YES;
				CLANG_WARN_BOOL_CONVERSION = YES;
				CLANG_WARN_CONSTANT_CONVERSION = YES;
				CLANG_WARN_DIRECT_OBJC_ISA_USAGE = YES_ERROR;
				CLANG_WARN_EMPTY_BODY = YES;
				CLANG_WARN_ENUM_CONVERSION = YES;
				CLANG_WARN_INT_CONVERSION = YES;
				CLANG_WARN_OBJC_ROOT_CLASS = YES_ERROR;
				CLANG_WARN_UNREACHABLE_CODE = YES;
				CLANG_WARN__DUPLICATE_METHOD_MATCH = YES;
				"CODE_SIGN_IDENTITY[sdk=iphoneos*]" = "iPhone Developer";
				COPY_PHASE_STRIP = NO;
				DEBUG_INFORMATION_FORMAT = dwarf;
				ENABLE_STRICT_OBJC_MSGSEND = YES;
				ENABLE_TESTABILITY = YES;
				GCC_C_LANGUAGE_STANDARD = gnu99;
				GCC_DYNAMIC_NO_PIC = NO;
				GCC_NO_COMMON_BLOCKS = YES;
				GCC_OPTIMIZATION_LEVEL = 0;
				GCC_PREPROCESSOR_DEFINITIONS = (
					"DEBUG=1",
					"$(inherited)",
				);
				GCC_WARN_64_TO_32_BIT_CONVERSION = YES;
				GCC_WARN_ABOUT_RETURN_TYPE = YES_ERROR;
				GCC_WARN_UNDECLARED_SELECTOR = YES;
				GCC_WARN_UNINITIALIZED_AUTOS = YES_AGGRESSIVE;
				GCC_WARN_UNUSED_FUNCTION = YES;
				GCC_WARN_UNUSED_VARIABLE = YES;
				IPHONEOS_DEPLOYMENT_TARGET = 9.2;
				MTL_ENABLE_DEBUG_INFO = YES;
				ONLY_ACTIVE_ARCH = YES;
				SDKROOT = iphoneos;
				SWIFT_OPTIMIZATION_LEVEL = "-Onone";
			};
			name = Debug;
		};
		6810A02F1C845575004CE8E4 /* Release */ = {
			isa = XCBuildConfiguration;
			buildSettings = {
				ALWAYS_SEARCH_USER_PATHS = NO;
				CLANG_CXX_LANGUAGE_STANDARD = "gnu++0x";
				CLANG_CXX_LIBRARY = "libc++";
				CLANG_ENABLE_MODULES = YES;
				CLANG_ENABLE_OBJC_ARC = YES;
				CLANG_WARN_BOOL_CONVERSION = YES;
				CLANG_WARN_CONSTANT_CONVERSION = YES;
				CLANG_WARN_DIRECT_OBJC_ISA_USAGE = YES_ERROR;
				CLANG_WARN_EMPTY_BODY = YES;
				CLANG_WARN_ENUM_CONVERSION = YES;
				CLANG_WARN_INT_CONVERSION = YES;
				CLANG_WARN_OBJC_ROOT_CLASS = YES_ERROR;
				CLANG_WARN_UNREACHABLE_CODE = YES;
				CLANG_WARN__DUPLICATE_METHOD_MATCH = YES;
				"CODE_SIGN_IDENTITY[sdk=iphoneos*]" = "iPhone Developer";
				COPY_PHASE_STRIP = NO;
				DEBUG_INFORMATION_FORMAT = "dwarf-with-dsym";
				ENABLE_NS_ASSERTIONS = NO;
				ENABLE_STRICT_OBJC_MSGSEND = YES;
				GCC_C_LANGUAGE_STANDARD = gnu99;
				GCC_NO_COMMON_BLOCKS = YES;
				GCC_WARN_64_TO_32_BIT_CONVERSION = YES;
				GCC_WARN_ABOUT_RETURN_TYPE = YES_ERROR;
				GCC_WARN_UNDECLARED_SELECTOR = YES;
				GCC_WARN_UNINITIALIZED_AUTOS = YES_AGGRESSIVE;
				GCC_WARN_UNUSED_FUNCTION = YES;
				GCC_WARN_UNUSED_VARIABLE = YES;
				IPHONEOS_DEPLOYMENT_TARGET = 9.2;
				MTL_ENABLE_DEBUG_INFO = NO;
				SDKROOT = iphoneos;
				VALIDATE_PRODUCT = YES;
			};
			name = Release;
		};
		6810A0311C845575004CE8E4 /* Debug */ = {
			isa = XCBuildConfiguration;
			buildSettings = {
				ASSETCATALOG_COMPILER_APPICON_NAME = AppIcon;
				INFOPLIST_FILE = ElevatorTime/Info.plist;
				LD_RUNPATH_SEARCH_PATHS = "$(inherited) @executable_path/Frameworks";
				PRODUCT_BUNDLE_IDENTIFIER = com.chaoruan.ElevatorTime;
				PRODUCT_NAME = "$(TARGET_NAME)";
			};
			name = Debug;
		};
		6810A0321C845575004CE8E4 /* Release */ = {
			isa = XCBuildConfiguration;
			buildSettings = {
				ASSETCATALOG_COMPILER_APPICON_NAME = AppIcon;
				INFOPLIST_FILE = ElevatorTime/Info.plist;
				LD_RUNPATH_SEARCH_PATHS = "$(inherited) @executable_path/Frameworks";
				PRODUCT_BUNDLE_IDENTIFIER = com.chaoruan.ElevatorTime;
				PRODUCT_NAME = "$(TARGET_NAME)";
			};
			name = Release;
		};
		6810A0341C845575004CE8E4 /* Debug */ = {
			isa = XCBuildConfiguration;
			buildSettings = {
				BUNDLE_LOADER = "$(TEST_HOST)";
				INFOPLIST_FILE = ElevatorTimeTests/Info.plist;
				LD_RUNPATH_SEARCH_PATHS = "$(inherited) @executable_path/Frameworks @loader_path/Frameworks";
				PRODUCT_BUNDLE_IDENTIFIER = com.chaoruan.ElevatorTimeTests;
				PRODUCT_NAME = "$(TARGET_NAME)";
				TEST_HOST = "$(BUILT_PRODUCTS_DIR)/ElevatorTime.app/ElevatorTime";
			};
			name = Debug;
		};
		6810A0351C845575004CE8E4 /* Release */ = {
			isa = XCBuildConfiguration;
			buildSettings = {
				BUNDLE_LOADER = "$(TEST_HOST)";
				INFOPLIST_FILE = ElevatorTimeTests/Info.plist;
				LD_RUNPATH_SEARCH_PATHS = "$(inherited) @executable_path/Frameworks @loader_path/Frameworks";
				PRODUCT_BUNDLE_IDENTIFIER = com.chaoruan.ElevatorTimeTests;
				PRODUCT_NAME = "$(TARGET_NAME)";
				TEST_HOST = "$(BUILT_PRODUCTS_DIR)/ElevatorTime.app/ElevatorTime";
			};
			name = Release;
		};
		6810A0371C845575004CE8E4 /* Debug */ = {
			isa = XCBuildConfiguration;
			buildSettings = {
				INFOPLIST_FILE = ElevatorTimeUITests/Info.plist;
				LD_RUNPATH_SEARCH_PATHS = "$(inherited) @executable_path/Frameworks @loader_path/Frameworks";
				PRODUCT_BUNDLE_IDENTIFIER = com.chaoruan.ElevatorTimeUITests;
				PRODUCT_NAME = "$(TARGET_NAME)";
				TEST_TARGET_NAME = ElevatorTime;
				USES_XCTRUNNER = YES;
			};
			name = Debug;
		};
		6810A0381C845575004CE8E4 /* Release */ = {
			isa = XCBuildConfiguration;
			buildSettings = {
				INFOPLIST_FILE = ElevatorTimeUITests/Info.plist;
				LD_RUNPATH_SEARCH_PATHS = "$(inherited) @executable_path/Frameworks @loader_path/Frameworks";
				PRODUCT_BUNDLE_IDENTIFIER = com.chaoruan.ElevatorTimeUITests;
				PRODUCT_NAME = "$(TARGET_NAME)";
				TEST_TARGET_NAME = ElevatorTime;
				USES_XCTRUNNER = YES;
			};
			name = Release;
		};
/* End XCBuildConfiguration section */

/* Begin XCConfigurationList section */
		6810A0031C845574004CE8E4 /* Build configuration list for PBXProject "ElevatorTime" */ = {
			isa = XCConfigurationList;
			buildConfigurations = (
				6810A02E1C845575004CE8E4 /* Debug */,
				6810A02F1C845575004CE8E4 /* Release */,
			);
			defaultConfigurationIsVisible = 0;
			defaultConfigurationName = Release;
		};
		6810A0301C845575004CE8E4 /* Build configuration list for PBXNativeTarget "ElevatorTime" */ = {
			isa = XCConfigurationList;
			buildConfigurations = (
				6810A0311C845575004CE8E4 /* Debug */,
				6810A0321C845575004CE8E4 /* Release */,
			);
			defaultConfigurationIsVisible = 0;
		};
		6810A0331C845575004CE8E4 /* Build configuration list for PBXNativeTarget "ElevatorTimeTests" */ = {
			isa = XCConfigurationList;
			buildConfigurations = (
				6810A0341C845575004CE8E4 /* Debug */,
				6810A0351C845575004CE8E4 /* Release */,
			);
			defaultConfigurationIsVisible = 0;
		};
		6810A0361C845575004CE8E4 /* Build configuration list for PBXNativeTarget "ElevatorTimeUITests" */ = {
			isa = XCConfigurationList;
			buildConfigurations = (
				6810A0371C845575004CE8E4 /* Debug */,
				6810A0381C845575004CE8E4 /* Release */,
			);
			defaultConfigurationIsVisible = 0;
		};
/* End XCConfigurationList section */
	};
	rootObject = 6810A0001C845574004CE8E4 /* Project object */;
}
